// !$*UTF8*$!
{
	archiveVersion = 1;
	classes = {
	};
	objectVersion = 77;
	objects = {

/* Begin PBXBuildFile section */
		A6FBC4ED2EC91C1C0095483C /* WidgetKit.framework in Frameworks */ = {isa = PBXBuildFile; fileRef = A6FBC4EC2EC91C1C0095483C /* WidgetKit.framework */; };
		A6FBC4EF2EC91C1C0095483C /* SwiftUI.framework in Frameworks */ = {isa = PBXBuildFile; fileRef = A6FBC4EE2EC91C1C0095483C /* SwiftUI.framework */; };
		A6FBC4FE2EC91C1E0095483C /* GymStreakWidgetsExtension.appex in Embed Foundation Extensions */ = {isa = PBXBuildFile; fileRef = A6FBC4EA2EC91C1C0095483C /* GymStreakWidgetsExtension.appex */; settings = {ATTRIBUTES = (RemoveHeadersOnCopy, ); }; };
/* End PBXBuildFile section */

/* Begin PBXContainerItemProxy section */
		A67A492F2F129423002A3457 /* PBXContainerItemProxy */ = {
			isa = PBXContainerItemProxy;
			containerPortal = A6A340632E4E6F360017A4F7 /* Project object */;
			proxyType = 1;
			remoteGlobalIDString = A6A3406A2E4E6F360017A4F7;
			remoteInfo = GymStreak;
		};
		A6FBC4FC2EC91C1E0095483C /* PBXContainerItemProxy */ = {
			isa = PBXContainerItemProxy;
			containerPortal = A6A340632E4E6F360017A4F7 /* Project object */;
			proxyType = 1;
			remoteGlobalIDString = A6FBC4E92EC91C1C0095483C;
			remoteInfo = GymStreakWidgetsExtension;
		};
/* End PBXContainerItemProxy section */

/* Begin PBXCopyFilesBuildPhase section */
		A6FBC5032EC91C1E0095483C /* Embed Foundation Extensions */ = {
			isa = PBXCopyFilesBuildPhase;
			buildActionMask = 2147483647;
			dstPath = "";
			dstSubfolderSpec = 13;
			files = (
				A6FBC4FE2EC91C1E0095483C /* GymStreakWidgetsExtension.appex in Embed Foundation Extensions */,
			);
			name = "Embed Foundation Extensions";
			runOnlyForDeploymentPostprocessing = 0;
		};
/* End PBXCopyFilesBuildPhase section */

/* Begin PBXFileReference section */
		A67A49292F129423002A3457 /* GymStreakUITests.xctest */ = {isa = PBXFileReference; explicitFileType = wrapper.cfbundle; includeInIndex = 0; path = GymStreakUITests.xctest; sourceTree = BUILT_PRODUCTS_DIR; };
		A6A3406B2E4E6F360017A4F7 /* GymStreak.app */ = {isa = PBXFileReference; explicitFileType = wrapper.application; includeInIndex = 0; path = GymStreak.app; sourceTree = BUILT_PRODUCTS_DIR; };
		A6FBC4EA2EC91C1C0095483C /* GymStreakWidgetsExtension.appex */ = {isa = PBXFileReference; explicitFileType = "wrapper.app-extension"; includeInIndex = 0; path = GymStreakWidgetsExtension.appex; sourceTree = BUILT_PRODUCTS_DIR; };
		A6FBC4EC2EC91C1C0095483C /* WidgetKit.framework */ = {isa = PBXFileReference; lastKnownFileType = wrapper.framework; name = WidgetKit.framework; path = System/Library/Frameworks/WidgetKit.framework; sourceTree = SDKROOT; };
		A6FBC4EE2EC91C1C0095483C /* SwiftUI.framework */ = {isa = PBXFileReference; lastKnownFileType = wrapper.framework; name = SwiftUI.framework; path = System/Library/Frameworks/SwiftUI.framework; sourceTree = SDKROOT; };
		A6FBC5CC2ECCED0F0095483C /* GymStreakWatch Watch App.app */ = {isa = PBXFileReference; explicitFileType = wrapper.application; includeInIndex = 0; path = "GymStreakWatch Watch App.app"; sourceTree = BUILT_PRODUCTS_DIR; };
/* End PBXFileReference section */

/* Begin PBXFileSystemSynchronizedBuildFileExceptionSet section */
		A6D6C7142F38AF980071D28A /* Exceptions for "GymStreak" folder in "GymStreak" target */ = {
			isa = PBXFileSystemSynchronizedBuildFileExceptionSet;
			membershipExceptions = (
				Info.plist,
			);
			target = A6A3406A2E4E6F360017A4F7 /* GymStreak */;
		};
		A6FBC4FF2EC91C1E0095483C /* Exceptions for "GymStreakWidgets" folder in "GymStreakWidgetsExtension" target */ = {
			isa = PBXFileSystemSynchronizedBuildFileExceptionSet;
			membershipExceptions = (
				Info.plist,
			);
			target = A6FBC4E92EC91C1C0095483C /* GymStreakWidgetsExtension */;
		};
/* End PBXFileSystemSynchronizedBuildFileExceptionSet section */

/* Begin PBXFileSystemSynchronizedRootGroup section */
		A67A492A2F129423002A3457 /* GymStreakUITests */ = {
			isa = PBXFileSystemSynchronizedRootGroup;
			path = GymStreakUITests;
			sourceTree = "<group>";
		};
		A6A3406D2E4E6F360017A4F7 /* GymStreak */ = {
			isa = PBXFileSystemSynchronizedRootGroup;
			exceptions = (
				A6D6C7142F38AF980071D28A /* Exceptions for "GymStreak" folder in "GymStreak" target */,
			);
			path = GymStreak;
			sourceTree = "<group>";
		};
		A6FBC4F02EC91C1C0095483C /* GymStreakWidgets */ = {
			isa = PBXFileSystemSynchronizedRootGroup;
			exceptions = (
				A6FBC4FF2EC91C1E0095483C /* Exceptions for "GymStreakWidgets" folder in "GymStreakWidgetsExtension" target */,
			);
			path = GymStreakWidgets;
			sourceTree = "<group>";
		};
		A6FBC5CD2ECCED0F0095483C /* GymStreakWatch Watch App */ = {
			isa = PBXFileSystemSynchronizedRootGroup;
			path = "GymStreakWatch Watch App";
			sourceTree = "<group>";
		};
/* End PBXFileSystemSynchronizedRootGroup section */

/* Begin PBXFrameworksBuildPhase section */
		A67A49262F129423002A3457 /* Frameworks */ = {
			isa = PBXFrameworksBuildPhase;
			buildActionMask = 2147483647;
			files = (
			);
			runOnlyForDeploymentPostprocessing = 0;
		};
		A6A340682E4E6F360017A4F7 /* Frameworks */ = {
			isa = PBXFrameworksBuildPhase;
			buildActionMask = 2147483647;
			files = (
			);
			runOnlyForDeploymentPostprocessing = 0;
		};
		A6FBC4E72EC91C1C0095483C /* Frameworks */ = {
			isa = PBXFrameworksBuildPhase;
			buildActionMask = 2147483647;
			files = (
				A6FBC4EF2EC91C1C0095483C /* SwiftUI.framework in Frameworks */,
				A6FBC4ED2EC91C1C0095483C /* WidgetKit.framework in Frameworks */,
			);
			runOnlyForDeploymentPostprocessing = 0;
		};
		A6FBC5C92ECCED0F0095483C /* Frameworks */ = {
			isa = PBXFrameworksBuildPhase;
			buildActionMask = 2147483647;
			files = (
			);
			runOnlyForDeploymentPostprocessing = 0;
		};
/* End PBXFrameworksBuildPhase section */

/* Begin PBXGroup section */
		A6A340622E4E6F360017A4F7 = {
			isa = PBXGroup;
			children = (
				A6A3406D2E4E6F360017A4F7 /* GymStreak */,
				A6FBC4F02EC91C1C0095483C /* GymStreakWidgets */,
				A6FBC5CD2ECCED0F0095483C /* GymStreakWatch Watch App */,
				A67A492A2F129423002A3457 /* GymStreakUITests */,
				A6FBC4EB2EC91C1C0095483C /* Frameworks */,
				A6A3406C2E4E6F360017A4F7 /* Products */,
			);
			sourceTree = "<group>";
		};
		A6A3406C2E4E6F360017A4F7 /* Products */ = {
			isa = PBXGroup;
			children = (
				A6A3406B2E4E6F360017A4F7 /* GymStreak.app */,
				A6FBC4EA2EC91C1C0095483C /* GymStreakWidgetsExtension.appex */,
				A6FBC5CC2ECCED0F0095483C /* GymStreakWatch Watch App.app */,
				A67A49292F129423002A3457 /* GymStreakUITests.xctest */,
			);
			name = Products;
			sourceTree = "<group>";
		};
		A6FBC4EB2EC91C1C0095483C /* Frameworks */ = {
			isa = PBXGroup;
			children = (
				A6FBC4EC2EC91C1C0095483C /* WidgetKit.framework */,
				A6FBC4EE2EC91C1C0095483C /* SwiftUI.framework */,
			);
			name = Frameworks;
			sourceTree = "<group>";
		};
/* End PBXGroup section */

/* Begin PBXNativeTarget section */
		A67A49282F129423002A3457 /* GymStreakUITests */ = {
			isa = PBXNativeTarget;
			buildConfigurationList = A67A49312F129423002A3457 /* Build configuration list for PBXNativeTarget "GymStreakUITests" */;
			buildPhases = (
				A67A49252F129423002A3457 /* Sources */,
				A67A49262F129423002A3457 /* Frameworks */,
				A67A49272F129423002A3457 /* Resources */,
			);
			buildRules = (
			);
			dependencies = (
				A67A49302F129423002A3457 /* PBXTargetDependency */,
			);
			fileSystemSynchronizedGroups = (
				A67A492A2F129423002A3457 /* GymStreakUITests */,
			);
			name = GymStreakUITests;
			packageProductDependencies = (
			);
			productName = GymStreakUITests;
			productReference = A67A49292F129423002A3457 /* GymStreakUITests.xctest */;
			productType = "com.apple.product-type.bundle.ui-testing";
		};
		A6A3406A2E4E6F360017A4F7 /* GymStreak */ = {
			isa = PBXNativeTarget;
			buildConfigurationList = A6A340772E4E6F370017A4F7 /* Build configuration list for PBXNativeTarget "GymStreak" */;
			buildPhases = (
				A6A340672E4E6F360017A4F7 /* Sources */,
				A6A340682E4E6F360017A4F7 /* Frameworks */,
				A6A340692E4E6F360017A4F7 /* Resources */,
				A6FBC5032EC91C1E0095483C /* Embed Foundation Extensions */,
			);
			buildRules = (
			);
			dependencies = (
				A6FBC4FD2EC91C1E0095483C /* PBXTargetDependency */,
			);
			fileSystemSynchronizedGroups = (
				A6A3406D2E4E6F360017A4F7 /* GymStreak */,
			);
			name = GymStreak;
			packageProductDependencies = (
			);
			productName = GymStreak;
			productReference = A6A3406B2E4E6F360017A4F7 /* GymStreak.app */;
			productType = "com.apple.product-type.application";
		};
		A6FBC4E92EC91C1C0095483C /* GymStreakWidgetsExtension */ = {
			isa = PBXNativeTarget;
			buildConfigurationList = A6FBC5002EC91C1E0095483C /* Build configuration list for PBXNativeTarget "GymStreakWidgetsExtension" */;
			buildPhases = (
				A6FBC4E62EC91C1C0095483C /* Sources */,
				A6FBC4E72EC91C1C0095483C /* Frameworks */,
				A6FBC4E82EC91C1C0095483C /* Resources */,
			);
			buildRules = (
			);
			dependencies = (
			);
			fileSystemSynchronizedGroups = (
				A6FBC4F02EC91C1C0095483C /* GymStreakWidgets */,
			);
			name = GymStreakWidgetsExtension;
			packageProductDependencies = (
			);
			productName = GymStreakWidgetsExtension;
			productReference = A6FBC4EA2EC91C1C0095483C /* GymStreakWidgetsExtension.appex */;
			productType = "com.apple.product-type.app-extension";
		};
		A6FBC5CB2ECCED0F0095483C /* GymStreakWatch Watch App */ = {
			isa = PBXNativeTarget;
			buildConfigurationList = A6FBC5DA2ECCED100095483C /* Build configuration list for PBXNativeTarget "GymStreakWatch Watch App" */;
			buildPhases = (
				A6FBC5C82ECCED0F0095483C /* Sources */,
				A6FBC5C92ECCED0F0095483C /* Frameworks */,
				A6FBC5CA2ECCED0F0095483C /* Resources */,
			);
			buildRules = (
			);
			dependencies = (
			);
			fileSystemSynchronizedGroups = (
				A6FBC5CD2ECCED0F0095483C /* GymStreakWatch Watch App */,
			);
			name = "GymStreakWatch Watch App";
			packageProductDependencies = (
			);
			productName = "GymStreakWatch Watch App";
			productReference = A6FBC5CC2ECCED0F0095483C /* GymStreakWatch Watch App.app */;
			productType = "com.apple.product-type.application";
		};
/* End PBXNativeTarget section */

/* Begin PBXProject section */
		A6A340632E4E6F360017A4F7 /* Project object */ = {
			isa = PBXProject;
			attributes = {
				BuildIndependentTargetsInParallel = 1;
				LastSwiftUpdateCheck = 2620;
				LastUpgradeCheck = 1640;
				TargetAttributes = {
					A67A49282F129423002A3457 = {
						CreatedOnToolsVersion = 26.2;
						TestTargetID = A6A3406A2E4E6F360017A4F7;
					};
					A6A3406A2E4E6F360017A4F7 = {
						CreatedOnToolsVersion = 16.4;
					};
					A6FBC4E92EC91C1C0095483C = {
						CreatedOnToolsVersion = 26.0.1;
					};
					A6FBC5CB2ECCED0F0095483C = {
						CreatedOnToolsVersion = 26.0.1;
					};
				};
			};
			buildConfigurationList = A6A340662E4E6F360017A4F7 /* Build configuration list for PBXProject "GymStreak" */;
			developmentRegion = en;
			hasScannedForEncodings = 0;
			knownRegions = (
				en,
				Base,
				de,
			);
			mainGroup = A6A340622E4E6F360017A4F7;
			minimizedProjectReferenceProxies = 1;
			preferredProjectObjectVersion = 77;
			productRefGroup = A6A3406C2E4E6F360017A4F7 /* Products */;
			projectDirPath = "";
			projectRoot = "";
			targets = (
				A6A3406A2E4E6F360017A4F7 /* GymStreak */,
				A6FBC4E92EC91C1C0095483C /* GymStreakWidgetsExtension */,
				A6FBC5CB2ECCED0F0095483C /* GymStreakWatch Watch App */,
				A67A49282F129423002A3457 /* GymStreakUITests */,
			);
		};
/* End PBXProject section */

/* Begin PBXResourcesBuildPhase section */
		A67A49272F129423002A3457 /* Resources */ = {
			isa = PBXResourcesBuildPhase;
			buildActionMask = 2147483647;
			files = (
			);
			runOnlyForDeploymentPostprocessing = 0;
		};
		A6A340692E4E6F360017A4F7 /* Resources */ = {
			isa = PBXResourcesBuildPhase;
			buildActionMask = 2147483647;
			files = (
			);
			runOnlyForDeploymentPostprocessing = 0;
		};
		A6FBC4E82EC91C1C0095483C /* Resources */ = {
			isa = PBXResourcesBuildPhase;
			buildActionMask = 2147483647;
			files = (
			);
			runOnlyForDeploymentPostprocessing = 0;
		};
		A6FBC5CA2ECCED0F0095483C /* Resources */ = {
			isa = PBXResourcesBuildPhase;
			buildActionMask = 2147483647;
			files = (
			);
			runOnlyForDeploymentPostprocessing = 0;
		};
/* End PBXResourcesBuildPhase section */

/* Begin PBXSourcesBuildPhase section */
		A67A49252F129423002A3457 /* Sources */ = {
			isa = PBXSourcesBuildPhase;
			buildActionMask = 2147483647;
			files = (
			);
			runOnlyForDeploymentPostprocessing = 0;
		};
		A6A340672E4E6F360017A4F7 /* Sources */ = {
			isa = PBXSourcesBuildPhase;
			buildActionMask = 2147483647;
			files = (
			);
			runOnlyForDeploymentPostprocessing = 0;
		};
		A6FBC4E62EC91C1C0095483C /* Sources */ = {
			isa = PBXSourcesBuildPhase;
			buildActionMask = 2147483647;
			files = (
			);
			runOnlyForDeploymentPostprocessing = 0;
		};
		A6FBC5C82ECCED0F0095483C /* Sources */ = {
			isa = PBXSourcesBuildPhase;
			buildActionMask = 2147483647;
			files = (
			);
			runOnlyForDeploymentPostprocessing = 0;
		};
/* End PBXSourcesBuildPhase section */

/* Begin PBXTargetDependency section */
		A67A49302F129423002A3457 /* PBXTargetDependency */ = {
			isa = PBXTargetDependency;
			target = A6A3406A2E4E6F360017A4F7 /* GymStreak */;
			targetProxy = A67A492F2F129423002A3457 /* PBXContainerItemProxy */;
		};
		A6FBC4FD2EC91C1E0095483C /* PBXTargetDependency */ = {
			isa = PBXTargetDependency;
			target = A6FBC4E92EC91C1C0095483C /* GymStreakWidgetsExtension */;
			targetProxy = A6FBC4FC2EC91C1E0095483C /* PBXContainerItemProxy */;
		};
/* End PBXTargetDependency section */

/* Begin XCBuildConfiguration section */
		A67A49322F129423002A3457 /* Debug */ = {
			isa = XCBuildConfiguration;
			buildSettings = {
				CODE_SIGN_STYLE = Automatic;
				CURRENT_PROJECT_VERSION = 1;
				DEVELOPMENT_TEAM = 45VTMQ88RW;
				GENERATE_INFOPLIST_FILE = YES;
				IPHONEOS_DEPLOYMENT_TARGET = 26.2;
				MARKETING_VERSION = 1.0;
				PRODUCT_BUNDLE_IDENTIFIER = com.shotat24fps.GymStreakUITests;
				PRODUCT_NAME = "$(TARGET_NAME)";
				SDKROOT = iphoneos;
				STRING_CATALOG_GENERATE_SYMBOLS = NO;
				SUPPORTED_PLATFORMS = "iphoneos iphonesimulator";
				SUPPORTS_MACCATALYST = NO;
				SUPPORTS_MAC_DESIGNED_FOR_IPHONE_IPAD = NO;
				SUPPORTS_XR_DESIGNED_FOR_IPHONE_IPAD = NO;
				SWIFT_APPROACHABLE_CONCURRENCY = YES;
				SWIFT_EMIT_LOC_STRINGS = NO;
				SWIFT_UPCOMING_FEATURE_MEMBER_IMPORT_VISIBILITY = YES;
				SWIFT_VERSION = 5.0;
				TARGETED_DEVICE_FAMILY = 1;
				TEST_TARGET_NAME = GymStreak;
			};
			name = Debug;
		};
		A67A49332F129423002A3457 /* Release */ = {
			isa = XCBuildConfiguration;
			buildSettings = {
				CODE_SIGN_STYLE = Automatic;
				CURRENT_PROJECT_VERSION = 1;
				DEVELOPMENT_TEAM = 45VTMQ88RW;
				GENERATE_INFOPLIST_FILE = YES;
				IPHONEOS_DEPLOYMENT_TARGET = 26.2;
				MARKETING_VERSION = 1.0;
				PRODUCT_BUNDLE_IDENTIFIER = com.shotat24fps.GymStreakUITests;
				PRODUCT_NAME = "$(TARGET_NAME)";
				SDKROOT = iphoneos;
				STRING_CATALOG_GENERATE_SYMBOLS = NO;
				SUPPORTED_PLATFORMS = "iphoneos iphonesimulator";
				SUPPORTS_MACCATALYST = NO;
				SUPPORTS_MAC_DESIGNED_FOR_IPHONE_IPAD = NO;
				SUPPORTS_XR_DESIGNED_FOR_IPHONE_IPAD = NO;
				SWIFT_APPROACHABLE_CONCURRENCY = YES;
				SWIFT_EMIT_LOC_STRINGS = NO;
				SWIFT_UPCOMING_FEATURE_MEMBER_IMPORT_VISIBILITY = YES;
				SWIFT_VERSION = 5.0;
				TARGETED_DEVICE_FAMILY = 1;
				TEST_TARGET_NAME = GymStreak;
				VALIDATE_PRODUCT = YES;
			};
			name = Release;
		};
		A6A340752E4E6F370017A4F7 /* Debug */ = {
			isa = XCBuildConfiguration;
			buildSettings = {
				ALWAYS_SEARCH_USER_PATHS = NO;
				ASSETCATALOG_COMPILER_GENERATE_SWIFT_ASSET_SYMBOL_EXTENSIONS = YES;
				CLANG_ANALYZER_NONNULL = YES;
				CLANG_ANALYZER_NUMBER_OBJECT_CONVERSION = YES_AGGRESSIVE;
				CLANG_CXX_LANGUAGE_STANDARD = "gnu++20";
				CLANG_ENABLE_MODULES = YES;
				CLANG_ENABLE_OBJC_ARC = YES;
				CLANG_ENABLE_OBJC_WEAK = YES;
				CLANG_WARN_BLOCK_CAPTURE_AUTORELEASING = YES;
				CLANG_WARN_BOOL_CONVERSION = YES;
				CLANG_WARN_COMMA = YES;
				CLANG_WARN_CONSTANT_CONVERSION = YES;
				CLANG_WARN_DEPRECATED_OBJC_IMPLEMENTATIONS = YES;
				CLANG_WARN_DIRECT_OBJC_ISA_USAGE = YES_ERROR;
				CLANG_WARN_DOCUMENTATION_COMMENTS = YES;
				CLANG_WARN_EMPTY_BODY = YES;
				CLANG_WARN_ENUM_CONVERSION = YES;
				CLANG_WARN_INFINITE_RECURSION = YES;
				CLANG_WARN_INT_CONVERSION = YES;
				CLANG_WARN_NON_LITERAL_NULL_CONVERSION = YES;
				CLANG_WARN_OBJC_IMPLICIT_RETAIN_SELF = YES;
				CLANG_WARN_OBJC_LITERAL_CONVERSION = YES;
				CLANG_WARN_OBJC_ROOT_CLASS = YES_ERROR;
				CLANG_WARN_QUOTED_INCLUDE_IN_FRAMEWORK_HEADER = YES;
				CLANG_WARN_RANGE_LOOP_ANALYSIS = YES;
				CLANG_WARN_STRICT_PROTOTYPES = YES;
				CLANG_WARN_SUSPICIOUS_MOVE = YES;
				CLANG_WARN_UNGUARDED_AVAILABILITY = YES_AGGRESSIVE;
				CLANG_WARN_UNREACHABLE_CODE = YES;
				CLANG_WARN__DUPLICATE_METHOD_MATCH = YES;
				COPY_PHASE_STRIP = NO;
				DEBUG_INFORMATION_FORMAT = dwarf;
				DEVELOPMENT_TEAM = 45VTMQ88RW;
				ENABLE_STRICT_OBJC_MSGSEND = YES;
				ENABLE_TESTABILITY = YES;
				ENABLE_USER_SCRIPT_SANDBOXING = YES;
				GCC_C_LANGUAGE_STANDARD = gnu17;
				GCC_DYNAMIC_NO_PIC = NO;
				GCC_NO_COMMON_BLOCKS = YES;
				GCC_OPTIMIZATION_LEVEL = 0;
				GCC_PREPROCESSOR_DEFINITIONS = (
					"DEBUG=1",
					"$(inherited)",
				);
				GCC_WARN_64_TO_32_BIT_CONVERSION = YES;
				GCC_WARN_ABOUT_RETURN_TYPE = YES_ERROR;
				GCC_WARN_UNDECLARED_SELECTOR = YES;
				GCC_WARN_UNINITIALIZED_AUTOS = YES_AGGRESSIVE;
				GCC_WARN_UNUSED_FUNCTION = YES;
				GCC_WARN_UNUSED_VARIABLE = YES;
				LOCALIZATION_PREFERS_STRING_CATALOGS = YES;
				MTL_ENABLE_DEBUG_INFO = INCLUDE_SOURCE;
				MTL_FAST_MATH = YES;
				ONLY_ACTIVE_ARCH = YES;
				SWIFT_ACTIVE_COMPILATION_CONDITIONS = "DEBUG $(inherited)";
				SWIFT_OPTIMIZATION_LEVEL = "-Onone";
			};
			name = Debug;
		};
		A6A340762E4E6F370017A4F7 /* Release */ = {
			isa = XCBuildConfiguration;
			buildSettings = {
				ALWAYS_SEARCH_USER_PATHS = NO;
				ASSETCATALOG_COMPILER_GENERATE_SWIFT_ASSET_SYMBOL_EXTENSIONS = YES;
				CLANG_ANALYZER_NONNULL = YES;
				CLANG_ANALYZER_NUMBER_OBJECT_CONVERSION = YES_AGGRESSIVE;
				CLANG_CXX_LANGUAGE_STANDARD = "gnu++20";
				CLANG_ENABLE_MODULES = YES;
				CLANG_ENABLE_OBJC_ARC = YES;
				CLANG_ENABLE_OBJC_WEAK = YES;
				CLANG_WARN_BLOCK_CAPTURE_AUTORELEASING = YES;
				CLANG_WARN_BOOL_CONVERSION = YES;
				CLANG_WARN_COMMA = YES;
				CLANG_WARN_CONSTANT_CONVERSION = YES;
				CLANG_WARN_DEPRECATED_OBJC_IMPLEMENTATIONS = YES;
				CLANG_WARN_DIRECT_OBJC_ISA_USAGE = YES_ERROR;
				CLANG_WARN_DOCUMENTATION_COMMENTS = YES;
				CLANG_WARN_EMPTY_BODY = YES;
				CLANG_WARN_ENUM_CONVERSION = YES;
				CLANG_WARN_INFINITE_RECURSION = YES;
				CLANG_WARN_INT_CONVERSION = YES;
				CLANG_WARN_NON_LITERAL_NULL_CONVERSION = YES;
				CLANG_WARN_OBJC_IMPLICIT_RETAIN_SELF = YES;
				CLANG_WARN_OBJC_LITERAL_CONVERSION = YES;
				CLANG_WARN_OBJC_ROOT_CLASS = YES_ERROR;
				CLANG_WARN_QUOTED_INCLUDE_IN_FRAMEWORK_HEADER = YES;
				CLANG_WARN_RANGE_LOOP_ANALYSIS = YES;
				CLANG_WARN_STRICT_PROTOTYPES = YES;
				CLANG_WARN_SUSPICIOUS_MOVE = YES;
				CLANG_WARN_UNGUARDED_AVAILABILITY = YES_AGGRESSIVE;
				CLANG_WARN_UNREACHABLE_CODE = YES;
				CLANG_WARN__DUPLICATE_METHOD_MATCH = YES;
				COPY_PHASE_STRIP = NO;
				DEBUG_INFORMATION_FORMAT = "dwarf-with-dsym";
				DEVELOPMENT_TEAM = 45VTMQ88RW;
				ENABLE_NS_ASSERTIONS = NO;
				ENABLE_STRICT_OBJC_MSGSEND = YES;
				ENABLE_USER_SCRIPT_SANDBOXING = YES;
				GCC_C_LANGUAGE_STANDARD = gnu17;
				GCC_NO_COMMON_BLOCKS = YES;
				GCC_WARN_64_TO_32_BIT_CONVERSION = YES;
				GCC_WARN_ABOUT_RETURN_TYPE = YES_ERROR;
				GCC_WARN_UNDECLARED_SELECTOR = YES;
				GCC_WARN_UNINITIALIZED_AUTOS = YES_AGGRESSIVE;
				GCC_WARN_UNUSED_FUNCTION = YES;
				GCC_WARN_UNUSED_VARIABLE = YES;
				LOCALIZATION_PREFERS_STRING_CATALOGS = YES;
				MTL_ENABLE_DEBUG_INFO = NO;
				MTL_FAST_MATH = YES;
				SWIFT_COMPILATION_MODE = wholemodule;
			};
			name = Release;
		};
		A6A340782E4E6F370017A4F7 /* Debug */ = {
			isa = XCBuildConfiguration;
			buildSettings = {
				ASSETCATALOG_COMPILER_APPICON_NAME = AppIcon;
				ASSETCATALOG_COMPILER_GLOBAL_ACCENT_COLOR_NAME = AccentColor;
				CODE_SIGN_ENTITLEMENTS = GymStreak/GymStreak.entitlements;
				CODE_SIGN_STYLE = Automatic;
				CURRENT_PROJECT_VERSION = 1;
				DEVELOPMENT_TEAM = 45VTMQ88RW;
				ENABLE_HARDENED_RUNTIME = YES;
				ENABLE_PREVIEWS = YES;
				GENERATE_INFOPLIST_FILE = YES;
				INFOPLIST_FILE = GymStreak/Info.plist;
				INFOPLIST_KEY_NSHealthShareUsageDescription = "GymStreak needs access to read your workout data to display your fitness history and avoid duplicate entries.";
				INFOPLIST_KEY_NSHealthUpdateUsageDescription = "GymStreak needs access to save your workouts to Apple Health so they appear in the Fitness app and contribute to your activity rings.";
				INFOPLIST_KEY_NSSupportsLiveActivities = YES;
				"INFOPLIST_KEY_UIApplicationSceneManifest_Generation[sdk=iphoneos*]" = YES;
				"INFOPLIST_KEY_UIApplicationSceneManifest_Generation[sdk=iphonesimulator*]" = YES;
				"INFOPLIST_KEY_UIApplicationSupportsIndirectInputEvents[sdk=iphoneos*]" = YES;
				"INFOPLIST_KEY_UIApplicationSupportsIndirectInputEvents[sdk=iphonesimulator*]" = YES;
				"INFOPLIST_KEY_UILaunchScreen_Generation[sdk=iphoneos*]" = YES;
				"INFOPLIST_KEY_UILaunchScreen_Generation[sdk=iphonesimulator*]" = YES;
				"INFOPLIST_KEY_UIStatusBarStyle[sdk=iphoneos*]" = UIStatusBarStyleDefault;
				"INFOPLIST_KEY_UIStatusBarStyle[sdk=iphonesimulator*]" = UIStatusBarStyleDefault;
				INFOPLIST_KEY_UISupportedInterfaceOrientations_iPad = "UIInterfaceOrientationPortrait UIInterfaceOrientationPortraitUpsideDown UIInterfaceOrientationLandscapeLeft UIInterfaceOrientationLandscapeRight";
				INFOPLIST_KEY_UISupportedInterfaceOrientations_iPhone = "UIInterfaceOrientationPortrait UIInterfaceOrientationLandscapeLeft UIInterfaceOrientationLandscapeRight";
				IPHONEOS_DEPLOYMENT_TARGET = 26.0;
				LD_RUNPATH_SEARCH_PATHS = "@executable_path/Frameworks";
				"LD_RUNPATH_SEARCH_PATHS[sdk=macosx*]" = "@executable_path/../Frameworks";
				MACOSX_DEPLOYMENT_TARGET = 15.5;
				MARKETING_VERSION = 1.0;
				PRODUCT_BUNDLE_IDENTIFIER = com.shotat24fps.GymStreak;
				PRODUCT_NAME = "$(TARGET_NAME)";
				REGISTER_APP_GROUPS = YES;
				SDKROOT = auto;
				SUPPORTED_PLATFORMS = "iphoneos iphonesimulator macosx xros xrsimulator";
				SWIFT_EMIT_LOC_STRINGS = YES;
				SWIFT_VERSION = 5.0;
				TARGETED_DEVICE_FAMILY = "1,2,7";
				XROS_DEPLOYMENT_TARGET = 2.5;
			};
			name = Debug;
		};
		A6A340792E4E6F370017A4F7 /* Release */ = {
			isa = XCBuildConfiguration;
			buildSettings = {
				ASSETCATALOG_COMPILER_APPICON_NAME = AppIcon;
				ASSETCATALOG_COMPILER_GLOBAL_ACCENT_COLOR_NAME = AccentColor;
				CODE_SIGN_ENTITLEMENTS = GymStreak/GymStreak.entitlements;
				CODE_SIGN_STYLE = Automatic;
				CURRENT_PROJECT_VERSION = 1;
				DEVELOPMENT_TEAM = 45VTMQ88RW;
				ENABLE_HARDENED_RUNTIME = YES;
				ENABLE_PREVIEWS = YES;
				GENERATE_INFOPLIST_FILE = YES;
				INFOPLIST_FILE = GymStreak/Info.plist;
				INFOPLIST_KEY_NSHealthShareUsageDescription = "GymStreak needs access to read your workout data to display your fitness history and avoid duplicate entries.";
				INFOPLIST_KEY_NSHealthUpdateUsageDescription = "GymStreak needs access to save your workouts to Apple Health so they appear in the Fitness app and contribute to your activity rings.";
				INFOPLIST_KEY_NSSupportsLiveActivities = YES;
				"INFOPLIST_KEY_UIApplicationSceneManifest_Generation[sdk=iphoneos*]" = YES;
				"INFOPLIST_KEY_UIApplicationSceneManifest_Generation[sdk=iphonesimulator*]" = YES;
				"INFOPLIST_KEY_UIApplicationSupportsIndirectInputEvents[sdk=iphoneos*]" = YES;
				"INFOPLIST_KEY_UIApplicationSupportsIndirectInputEvents[sdk=iphonesimulator*]" = YES;
				"INFOPLIST_KEY_UILaunchScreen_Generation[sdk=iphoneos*]" = YES;
				"INFOPLIST_KEY_UILaunchScreen_Generation[sdk=iphonesimulator*]" = YES;
				"INFOPLIST_KEY_UIStatusBarStyle[sdk=iphoneos*]" = UIStatusBarStyleDefault;
				"INFOPLIST_KEY_UIStatusBarStyle[sdk=iphonesimulator*]" = UIStatusBarStyleDefault;
				INFOPLIST_KEY_UISupportedInterfaceOrientations_iPad = "UIInterfaceOrientationPortrait UIInterfaceOrientationPortraitUpsideDown UIInterfaceOrientationLandscapeLeft UIInterfaceOrientationLandscapeRight";
				INFOPLIST_KEY_UISupportedInterfaceOrientations_iPhone = "UIInterfaceOrientationPortrait UIInterfaceOrientationLandscapeLeft UIInterfaceOrientationLandscapeRight";
				IPHONEOS_DEPLOYMENT_TARGET = 26.0;
				LD_RUNPATH_SEARCH_PATHS = "@executable_path/Frameworks";
				"LD_RUNPATH_SEARCH_PATHS[sdk=macosx*]" = "@executable_path/../Frameworks";
				MACOSX_DEPLOYMENT_TARGET = 15.5;
				MARKETING_VERSION = 1.0;
				PRODUCT_BUNDLE_IDENTIFIER = com.shotat24fps.GymStreak;
				PRODUCT_NAME = "$(TARGET_NAME)";
				REGISTER_APP_GROUPS = YES;
				SDKROOT = auto;
				SUPPORTED_PLATFORMS = "iphoneos iphonesimulator macosx xros xrsimulator";
				SWIFT_EMIT_LOC_STRINGS = YES;
				SWIFT_VERSION = 5.0;
				TARGETED_DEVICE_FAMILY = "1,2,7";
				XROS_DEPLOYMENT_TARGET = 2.5;
			};
			name = Release;
		};
		A6FBC5012EC91C1E0095483C /* Debug */ = {
			isa = XCBuildConfiguration;
			buildSettings = {
				ASSETCATALOG_COMPILER_GLOBAL_ACCENT_COLOR_NAME = AccentColor;
				ASSETCATALOG_COMPILER_WIDGET_BACKGROUND_COLOR_NAME = WidgetBackground;
				CODE_SIGN_STYLE = Automatic;
				CURRENT_PROJECT_VERSION = 1;
				DEVELOPMENT_TEAM = 45VTMQ88RW;
				GENERATE_INFOPLIST_FILE = YES;
				INFOPLIST_FILE = GymStreakWidgets/Info.plist;
				INFOPLIST_KEY_CFBundleDisplayName = GymStreakWidgets;
				INFOPLIST_KEY_NSHumanReadableCopyright = "";
				IPHONEOS_DEPLOYMENT_TARGET = 26.0;
				LD_RUNPATH_SEARCH_PATHS = (
					"$(inherited)",
					"@executable_path/Frameworks",
					"@executable_path/../../Frameworks",
				);
				MARKETING_VERSION = 1.0;
				PRODUCT_BUNDLE_IDENTIFIER = com.shotat24fps.GymStreak.GymStreakWidgets;
				PRODUCT_NAME = "$(TARGET_NAME)";
				SDKROOT = iphoneos;
				SKIP_INSTALL = YES;
				STRING_CATALOG_GENERATE_SYMBOLS = YES;
				SWIFT_APPROACHABLE_CONCURRENCY = YES;
				SWIFT_EMIT_LOC_STRINGS = YES;
				SWIFT_UPCOMING_FEATURE_MEMBER_IMPORT_VISIBILITY = YES;
				SWIFT_VERSION = 5.0;
				TARGETED_DEVICE_FAMILY = "1,2";
			};
			name = Debug;
		};
		A6FBC5022EC91C1E0095483C /* Release */ = {
			isa = XCBuildConfiguration;
			buildSettings = {
				ASSETCATALOG_COMPILER_GLOBAL_ACCENT_COLOR_NAME = AccentColor;
				ASSETCATALOG_COMPILER_WIDGET_BACKGROUND_COLOR_NAME = WidgetBackground;
				CODE_SIGN_STYLE = Automatic;
				CURRENT_PROJECT_VERSION = 1;
				DEVELOPMENT_TEAM = 45VTMQ88RW;
				GENERATE_INFOPLIST_FILE = YES;
				INFOPLIST_FILE = GymStreakWidgets/Info.plist;
				INFOPLIST_KEY_CFBundleDisplayName = GymStreakWidgets;
				INFOPLIST_KEY_NSHumanReadableCopyright = "";
				IPHONEOS_DEPLOYMENT_TARGET = 26.0;
				LD_RUNPATH_SEARCH_PATHS = (
					"$(inherited)",
					"@executable_path/Frameworks",
					"@executable_path/../../Frameworks",
				);
				MARKETING_VERSION = 1.0;
				PRODUCT_BUNDLE_IDENTIFIER = com.shotat24fps.GymStreak.GymStreakWidgets;
				PRODUCT_NAME = "$(TARGET_NAME)";
				SDKROOT = iphoneos;
				SKIP_INSTALL = YES;
				STRING_CATALOG_GENERATE_SYMBOLS = YES;
				SWIFT_APPROACHABLE_CONCURRENCY = YES;
				SWIFT_EMIT_LOC_STRINGS = YES;
				SWIFT_UPCOMING_FEATURE_MEMBER_IMPORT_VISIBILITY = YES;
				SWIFT_VERSION = 5.0;
				TARGETED_DEVICE_FAMILY = "1,2";
				VALIDATE_PRODUCT = YES;
			};
			name = Release;
		};
		A6FBC5D82ECCED100095483C /* Debug */ = {
			isa = XCBuildConfiguration;
			buildSettings = {
				ASSETCATALOG_COMPILER_APPICON_NAME = AppIcon;
				ASSETCATALOG_COMPILER_GLOBAL_ACCENT_COLOR_NAME = AccentColor;
				CODE_SIGN_ENTITLEMENTS = "GymStreakWatch Watch App/GymStreakWatch Watch App.entitlements";
				CODE_SIGN_STYLE = Automatic;
				CURRENT_PROJECT_VERSION = 1;
				DEVELOPMENT_TEAM = 45VTMQ88RW;
				ENABLE_PREVIEWS = YES;
				GENERATE_INFOPLIST_FILE = YES;
				INFOPLIST_KEY_CFBundleDisplayName = GymStreakWatch;
				INFOPLIST_KEY_NSHealthShareUsageDescription = "GymStreak needs access to read your heart rate during workouts";
				INFOPLIST_KEY_NSHealthUpdateUsageDescription = "GymStreak needs access to save your workouts";
				INFOPLIST_KEY_UISupportedInterfaceOrientations = "UIInterfaceOrientationPortrait UIInterfaceOrientationPortraitUpsideDown";
				INFOPLIST_KEY_WKBackgroundModes = "workout-processing";
				INFOPLIST_KEY_WKCompanionAppBundleIdentifier = com.shotat24fps.GymStreak;
				LD_RUNPATH_SEARCH_PATHS = (
					"$(inherited)",
					"@executable_path/Frameworks",
				);
				MARKETING_VERSION = 1.0;
				PRODUCT_BUNDLE_IDENTIFIER = com.shotat24fps.GymStreak.watchkitapp;
				PRODUCT_NAME = "$(TARGET_NAME)";
				SDKROOT = watchos;
				SKIP_INSTALL = YES;
				STRING_CATALOG_GENERATE_SYMBOLS = YES;
				SWIFT_APPROACHABLE_CONCURRENCY = YES;
				SWIFT_DEFAULT_ACTOR_ISOLATION = MainActor;
				SWIFT_EMIT_LOC_STRINGS = YES;
				SWIFT_UPCOMING_FEATURE_MEMBER_IMPORT_VISIBILITY = YES;
				SWIFT_VERSION = 5.0;
				TARGETED_DEVICE_FAMILY = 4;
				WATCHOS_DEPLOYMENT_TARGET = 26.0;
			};
			name = Debug;
		};
		A6FBC5D92ECCED100095483C /* Release */ = {
			isa = XCBuildConfiguration;
			buildSettings = {
				ASSETCATALOG_COMPILER_APPICON_NAME = AppIcon;
				ASSETCATALOG_COMPILER_GLOBAL_ACCENT_COLOR_NAME = AccentColor;
				CODE_SIGN_ENTITLEMENTS = "GymStreakWatch Watch App/GymStreakWatch Watch App.entitlements";
				CODE_SIGN_STYLE = Automatic;
				CURRENT_PROJECT_VERSION = 1;
				DEVELOPMENT_TEAM = 45VTMQ88RW;
				ENABLE_PREVIEWS = YES;
				GENERATE_INFOPLIST_FILE = YES;
				INFOPLIST_KEY_CFBundleDisplayName = GymStreakWatch;
				INFOPLIST_KEY_NSHealthShareUsageDescription = "GymStreak needs access to read your heart rate during workouts";
				INFOPLIST_KEY_NSHealthUpdateUsageDescription = "GymStreak needs access to save your workouts";
				INFOPLIST_KEY_UISupportedInterfaceOrientations = "UIInterfaceOrientationPortrait UIInterfaceOrientationPortraitUpsideDown";
				INFOPLIST_KEY_WKBackgroundModes = "workout-processing";
				INFOPLIST_KEY_WKCompanionAppBundleIdentifier = com.shotat24fps.GymStreak;
				LD_RUNPATH_SEARCH_PATHS = (
					"$(inherited)",
					"@executable_path/Frameworks",
				);
				MARKETING_VERSION = 1.0;
				PRODUCT_BUNDLE_IDENTIFIER = com.shotat24fps.GymStreak.watchkitapp;
				PRODUCT_NAME = "$(TARGET_NAME)";
				SDKROOT = watchos;
				SKIP_INSTALL = YES;
				STRING_CATALOG_GENERATE_SYMBOLS = YES;
				SWIFT_APPROACHABLE_CONCURRENCY = YES;
				SWIFT_DEFAULT_ACTOR_ISOLATION = MainActor;
				SWIFT_EMIT_LOC_STRINGS = YES;
				SWIFT_UPCOMING_FEATURE_MEMBER_IMPORT_VISIBILITY = YES;
				SWIFT_VERSION = 5.0;
				TARGETED_DEVICE_FAMILY = 4;
				VALIDATE_PRODUCT = YES;
				WATCHOS_DEPLOYMENT_TARGET = 26.0;
			};
			name = Release;
		};
/* End XCBuildConfiguration section */

/* Begin XCConfigurationList section */
		A67A49312F129423002A3457 /* Build configuration list for PBXNativeTarget "GymStreakUITests" */ = {
			isa = XCConfigurationList;
			buildConfigurations = (
				A67A49322F129423002A3457 /* Debug */,
				A67A49332F129423002A3457 /* Release */,
			);
			defaultConfigurationIsVisible = 0;
			defaultConfigurationName = Release;
		};
		A6A340662E4E6F360017A4F7 /* Build configuration list for PBXProject "GymStreak" */ = {
			isa = XCConfigurationList;
			buildConfigurations = (
				A6A340752E4E6F370017A4F7 /* Debug */,
				A6A340762E4E6F370017A4F7 /* Release */,
			);
			defaultConfigurationIsVisible = 0;
			defaultConfigurationName = Release;
		};
		A6A340772E4E6F370017A4F7 /* Build configuration list for PBXNativeTarget "GymStreak" */ = {
			isa = XCConfigurationList;
			buildConfigurations = (
				A6A340782E4E6F370017A4F7 /* Debug */,
				A6A340792E4E6F370017A4F7 /* Release */,
			);
			defaultConfigurationIsVisible = 0;
			defaultConfigurationName = Release;
		};
		A6FBC5002EC91C1E0095483C /* Build configuration list for PBXNativeTarget "GymStreakWidgetsExtension" */ = {
			isa = XCConfigurationList;
			buildConfigurations = (
				A6FBC5012EC91C1E0095483C /* Debug */,
				A6FBC5022EC91C1E0095483C /* Release */,
			);
			defaultConfigurationIsVisible = 0;
			defaultConfigurationName = Release;
		};
		A6FBC5DA2ECCED100095483C /* Build configuration list for PBXNativeTarget "GymStreakWatch Watch App" */ = {
			isa = XCConfigurationList;
			buildConfigurations = (
				A6FBC5D82ECCED100095483C /* Debug */,
				A6FBC5D92ECCED100095483C /* Release */,
			);
			defaultConfigurationIsVisible = 0;
			defaultConfigurationName = Release;
		};
/* End XCConfigurationList section */
	};
	rootObject = A6A340632E4E6F360017A4F7 /* Project object */;
}
